PODS:
  - Flutter (1.0.0)
  - iboxpro_flutter (0.0.1):
    - Flutter

DEPENDENCIES:
  - Flutter (from `Flutter`)
  - iboxpro_flutter (from `.symlinks/plugins/iboxpro_flutter/ios`)

EXTERNAL SOURCES:
  Flutter:
    :path: Flutter
  iboxpro_flutter:
    :path: ".symlinks/plugins/iboxpro_flutter/ios"

SPEC CHECKSUMS:
  Flutter: 434fef37c0980e73bb6479ef766c45957d4b510c
  iboxpro_flutter: fe944bd0a3f50fa4f18a7c633ead63603611016d

PODFILE CHECKSUM: aafe91acc616949ddb318b77800a7f51bffa2a4c

COCOAPODS: 1.10.1
